
Microsoft Visual Studio Solution File, Format Version 12.00
# Visual Studio Version 17
VisualStudioVersion = 17.9.34701.34
MinimumVisualStudioVersion = 10.0.40219.1
Project("{8BC9CEB8-8B4A-11D0-8D11-00A0C91BC942}") = "TaskTracker", "TaskTracker\TaskTracker.vcxproj", "{9927D7FE-1D29-4617-B99B-129F22E3ECD6}"
EndProject
Global
	GlobalSection(SolutionConfigurationPlatforms) = preSolution
		Debug|x64 = Debug|x64
		Debug|x86 = Debug|x86
		Release|x64 = Release|x64
		Release|x86 = Release|x86
	EndGlobalSection
	GlobalSection(ProjectConfigurationPlatforms) = postSolution
		{9927D7FE-1D29-4617-B99B-129F22E3ECD6}.Debug|x64.ActiveCfg = Debug|x64
		{9927D7FE-1D29-4617-B99B-129F22E3ECD6}.Debug|x64.Build.0 = Debug|x64
		{9927D7FE-1D29-4617-B99B-129F22E3ECD6}.Debug|x86.ActiveCfg = Debug|Win32
		{9927D7FE-1D29-4617-B99B-129F22E3ECD6}.Debug|x86.Build.0 = Debug|Win32
		{9927D7FE-1D29-4617-B99B-129F22E3ECD6}.Release|x64.ActiveCfg = Release|x64
		{9927D7FE-1D29-4617-B99B-129F22E3ECD6}.Release|x64.Build.0 = Release|x64
		{9927D7FE-1D29-4617-B99B-129F22E3ECD6}.Release|x86.ActiveCfg = Release|Win32
		{9927D7FE-1D29-4617-B99B-129F22E3ECD6}.Release|x86.Build.0 = Release|Win32
	EndGlobalSection
	GlobalSection(SolutionProperties) = preSolution
		HideSolutionNode = FALSE
	EndGlobalSection
	GlobalSection(ExtensibilityGlobals) = postSolution
		SolutionGuid = {7FC90529-E166-45D1-BB7F-2499E05C410A}
	EndGlobalSection
EndGlobal
